<Solution>
  <Folder Name="/files/">
    <File Path="Directory.Packages.props" />
  </Folder>
  <Folder Name="/src/">
    <Project Path="src/Mycelium.Api.Auth/Mycelium.Api.Auth.csproj" />
    <Project Path="src/Mycelium.Api.Core/Mycelium.Api.Core.csproj" />
    <Project Path="src/Mycelium.Api.Devices/Mycelium.Api.Devices.csproj" />
    <Project Path="src/Mycelium.Api.EntityFramework/Mycelium.Api.EntityFramework.csproj" />
    <Project Path="src/Mycelium.Api.Organisations/Mycelium.Api.Organisations.csproj" />
    <Project Path="src/Mycelium.Api.Users/Mycelium.Api.Users.csproj" />
    <Project Path="src/Mycelium.Api/Mycelium.Api.csproj" />
    <Project Path="src/Mycelium.Common/Mycelium.Common.csproj" />
    <Project Path="src/Mycelium.WorkerService.Common/Mycelium.WorkerService.Common.csproj" />
    <Project Path="src/Mycelium.WorkerService.Core.Linux/Mycelium.WorkerService.Core.Linux.csproj" />
    <Project Path="src/Mycelium.WorkerService.Core.Windows/Mycelium.WorkerService.Core.Windows.csproj" />
    <Project Path="src/Mycelium.WorkerService.Core/Mycelium.WorkerService.Core.csproj" />
    <Project Path="src/Mycelium.WorkerService.RemoteAccess/Mycelium.WorkerService.RemoteAccess.csproj" />
    <Project Path="src/Mycelium.WorkerService/Mycelium.WorkerService.csproj" />
  </Folder>
  <Folder Name="/tests/">
    <Project Path="tests/Mycelium.Api.Core.UnitTests/Mycelium.Api.Core.UnitTests.csproj" />
    <Project Path="tests/Mycelium.Api.Auth.UnitTests/Mycelium.Api.Auth.UnitTests.csproj" />
    <Project Path="tests/Mycelium.Api.Devices.UnitTests/Mycelium.Api.Devices.UnitTests.csproj" />
    <Project Path="tests/Mycelium.Api.Integration.Tests/Mycelium.Api.IntegrationTests.csproj" />
    <Project Path="tests/Mycelium.Api.Organisations.UnitTests/Mycelium.Api.Organisations.UnitTests.csproj" />
    <Project Path="tests/Mycelium.Api.Users.UnitTests/Mycelium.Api.Users.UnitTests.csproj" />
    <Project Path="tests/Mycelium.WorkerService.UnitTests/Mycelium.WorkerService.UnitTests.csproj" />
    <Project Path="tests/Mycelium.WorkerService.Common.UnitTests/Mycelium.WorkerService.Common.UnitTests.csproj" />
    <Project Path="tests/Mycelium.WorkerService.Core.UnitTests/Mycelium.WorkerService.Core.UnitTests.csproj" />
    <Project Path="tests/Mycelium.WorkerService.Core.Windows.UnitTests/Mycelium.WorkerService.Core.Windows.UnitTests.csproj" />
    <Project Path="tests/Mycelium.WorkerService.Core.Linux.UnitTests/Mycelium.WorkerService.Core.Linux.UnitTests.csproj" />
    <Project Path="tests/Mycelium.WorkerService.RemoteAccess.UnitTests/Mycelium.WorkerService.RemoteAccess.UnitTests.csproj" />
  </Folder>
</Solution>
