
Microsoft Visual Studio Solution File, Format Version 12.00
Project("{2150E333-8FDC-42A3-9474-1A3956D46DE8}") = "src", "src", "{6224A9F4-7E66-4DCC-9B48-368BFEF551E0}"
	ProjectSection(SolutionItems) = preProject
		src\Directory.Packages.props = src\Directory.Packages.props
	EndProjectSection
EndProject
Project("{2150E333-8FDC-42A3-9474-1A3956D46DE8}") = "tests", "tests", "{F0557C31-6962-4B31-98EB-33AC666D8C35}"
EndProject
Project("{FAE04EC0-301F-11D3-BF4B-00C04F79EFBC}") = "Sentinel.Api", "src\Sentinel.Api\Sentinel.Api.csproj", "{8AD8C4B4-F75B-489A-9EB3-FC794890A380}"
EndProject
Project("{FAE04EC0-301F-11D3-BF4B-00C04F79EFBC}") = "Sentinel.Api.Application", "src\Sentinel.Api.Application\Sentinel.Api.Application.csproj", "{7BEC85B5-F4C7-4B29-B6D9-CEEAB0566CD9}"
EndProject
Project("{FAE04EC0-301F-11D3-BF4B-00C04F79EFBC}") = "Sentinel.Api.Domain", "src\Sentinel.Api.Domain\Sentinel.Api.Domain.csproj", "{94B08E32-3883-47B3-AC02-DA8E05B86863}"
EndProject
Project("{FAE04EC0-301F-11D3-BF4B-00C04F79EFBC}") = "Sentinel.Api.Infrastructure", "src\Sentinel.Api.Infrastructure\Sentinel.Api.Infrastructure.csproj", "{3744B67C-0588-41E2-9B1F-E8F938708284}"
EndProject
Project("{FAE04EC0-301F-11D3-BF4B-00C04F79EFBC}") = "Sentinel.Api.Integration.Tests", "tests\Sentinel.Api.Integration.Tests\Sentinel.Api.Integration.Tests.csproj", "{396396BB-D5FF-45FA-A859-24A16D24E5AF}"
EndProject
Project("{FAE04EC0-301F-11D3-BF4B-00C04F79EFBC}") = "Sentinel.WorkerService", "src\Sentinel.WorkerService\Sentinel.WorkerService.csproj", "{7A0CD114-3A7A-4C9C-977F-664FBFC114CF}"
EndProject
Project("{FAE04EC0-301F-11D3-BF4B-00C04F79EFBC}") = "Sentinel.WorkerService.Common", "src\Sentinel.WorkerService.Common\Sentinel.WorkerService.Common.csproj", "{82EAE71D-B97E-4DF4-B4ED-66CB7525F928}"
EndProject
Project("{FAE04EC0-301F-11D3-BF4B-00C04F79EFBC}") = "Sentinel.WorkerService.RemoteAccess", "src\Sentinel.WorkerService.RemoteAccess\Sentinel.WorkerService.RemoteAccess.csproj", "{0E932B6E-11F7-48D7-937E-E475FF671AC5}"
EndProject
Project("{FAE04EC0-301F-11D3-BF4B-00C04F79EFBC}") = "Sentinel.WorkerService.Core", "src\Sentinel.WorkerService.Core\Sentinel.WorkerService.Core.csproj", "{68D4E46B-ECD0-426A-BC0F-7C2F26D8B7A9}"
EndProject
Project("{FAE04EC0-301F-11D3-BF4B-00C04F79EFBC}") = "Sentinel.WorkerService.Core.Windows", "src\Sentinel.WorkerService.Core.Windows\Sentinel.WorkerService.Core.Windows.csproj", "{F1D5CEF5-6F8F-440A-9882-E3761A4086A5}"
EndProject
Project("{FAE04EC0-301F-11D3-BF4B-00C04F79EFBC}") = "Sentinel.WorkerService.Core.Linux", "src\Sentinel.WorkerService.Core.Linux\Sentinel.WorkerService.Core.Linux.csproj", "{4E83426B-6072-402C-BD70-C3B4AFF3C7E2}"
EndProject
Project("{FAE04EC0-301F-11D3-BF4B-00C04F79EFBC}") = "Sentinel.Common", "src\Sentinel.Common\Sentinel.Common.csproj", "{6D3CB0BB-5E9B-4523-85F5-80B103BA6E15}"
EndProject
Global
	GlobalSection(SolutionConfigurationPlatforms) = preSolution
		Debug|Any CPU = Debug|Any CPU
		Release|Any CPU = Release|Any CPU
	EndGlobalSection
	GlobalSection(NestedProjects) = preSolution
		{8AD8C4B4-F75B-489A-9EB3-FC794890A380} = {6224A9F4-7E66-4DCC-9B48-368BFEF551E0}
		{7BEC85B5-F4C7-4B29-B6D9-CEEAB0566CD9} = {6224A9F4-7E66-4DCC-9B48-368BFEF551E0}
		{94B08E32-3883-47B3-AC02-DA8E05B86863} = {6224A9F4-7E66-4DCC-9B48-368BFEF551E0}
		{3744B67C-0588-41E2-9B1F-E8F938708284} = {6224A9F4-7E66-4DCC-9B48-368BFEF551E0}
		{396396BB-D5FF-45FA-A859-24A16D24E5AF} = {F0557C31-6962-4B31-98EB-33AC666D8C35}
		{7A0CD114-3A7A-4C9C-977F-664FBFC114CF} = {6224A9F4-7E66-4DCC-9B48-368BFEF551E0}
		{82EAE71D-B97E-4DF4-B4ED-66CB7525F928} = {6224A9F4-7E66-4DCC-9B48-368BFEF551E0}
		{0E932B6E-11F7-48D7-937E-E475FF671AC5} = {6224A9F4-7E66-4DCC-9B48-368BFEF551E0}
		{68D4E46B-ECD0-426A-BC0F-7C2F26D8B7A9} = {6224A9F4-7E66-4DCC-9B48-368BFEF551E0}
		{F1D5CEF5-6F8F-440A-9882-E3761A4086A5} = {6224A9F4-7E66-4DCC-9B48-368BFEF551E0}
		{4E83426B-6072-402C-BD70-C3B4AFF3C7E2} = {6224A9F4-7E66-4DCC-9B48-368BFEF551E0}
		{6D3CB0BB-5E9B-4523-85F5-80B103BA6E15} = {6224A9F4-7E66-4DCC-9B48-368BFEF551E0}
	EndGlobalSection
	GlobalSection(ProjectConfigurationPlatforms) = postSolution
		{8AD8C4B4-F75B-489A-9EB3-FC794890A380}.Debug|Any CPU.ActiveCfg = Debug|Any CPU
		{8AD8C4B4-F75B-489A-9EB3-FC794890A380}.Debug|Any CPU.Build.0 = Debug|Any CPU
		{8AD8C4B4-F75B-489A-9EB3-FC794890A380}.Release|Any CPU.ActiveCfg = Release|Any CPU
		{8AD8C4B4-F75B-489A-9EB3-FC794890A380}.Release|Any CPU.Build.0 = Release|Any CPU
		{7BEC85B5-F4C7-4B29-B6D9-CEEAB0566CD9}.Debug|Any CPU.ActiveCfg = Debug|Any CPU
		{7BEC85B5-F4C7-4B29-B6D9-CEEAB0566CD9}.Debug|Any CPU.Build.0 = Debug|Any CPU
		{7BEC85B5-F4C7-4B29-B6D9-CEEAB0566CD9}.Release|Any CPU.ActiveCfg = Release|Any CPU
		{7BEC85B5-F4C7-4B29-B6D9-CEEAB0566CD9}.Release|Any CPU.Build.0 = Release|Any CPU
		{94B08E32-3883-47B3-AC02-DA8E05B86863}.Debug|Any CPU.ActiveCfg = Debug|Any CPU
		{94B08E32-3883-47B3-AC02-DA8E05B86863}.Debug|Any CPU.Build.0 = Debug|Any CPU
		{94B08E32-3883-47B3-AC02-DA8E05B86863}.Release|Any CPU.ActiveCfg = Release|Any CPU
		{94B08E32-3883-47B3-AC02-DA8E05B86863}.Release|Any CPU.Build.0 = Release|Any CPU
		{3744B67C-0588-41E2-9B1F-E8F938708284}.Debug|Any CPU.ActiveCfg = Debug|Any CPU
		{3744B67C-0588-41E2-9B1F-E8F938708284}.Debug|Any CPU.Build.0 = Debug|Any CPU
		{3744B67C-0588-41E2-9B1F-E8F938708284}.Release|Any CPU.ActiveCfg = Release|Any CPU
		{3744B67C-0588-41E2-9B1F-E8F938708284}.Release|Any CPU.Build.0 = Release|Any CPU
		{396396BB-D5FF-45FA-A859-24A16D24E5AF}.Debug|Any CPU.ActiveCfg = Debug|Any CPU
		{396396BB-D5FF-45FA-A859-24A16D24E5AF}.Debug|Any CPU.Build.0 = Debug|Any CPU
		{396396BB-D5FF-45FA-A859-24A16D24E5AF}.Release|Any CPU.ActiveCfg = Release|Any CPU
		{396396BB-D5FF-45FA-A859-24A16D24E5AF}.Release|Any CPU.Build.0 = Release|Any CPU
		{7A0CD114-3A7A-4C9C-977F-664FBFC114CF}.Debug|Any CPU.ActiveCfg = Debug|Any CPU
		{7A0CD114-3A7A-4C9C-977F-664FBFC114CF}.Debug|Any CPU.Build.0 = Debug|Any CPU
		{7A0CD114-3A7A-4C9C-977F-664FBFC114CF}.Release|Any CPU.ActiveCfg = Release|Any CPU
		{7A0CD114-3A7A-4C9C-977F-664FBFC114CF}.Release|Any CPU.Build.0 = Release|Any CPU
		{82EAE71D-B97E-4DF4-B4ED-66CB7525F928}.Debug|Any CPU.ActiveCfg = Debug|Any CPU
		{82EAE71D-B97E-4DF4-B4ED-66CB7525F928}.Debug|Any CPU.Build.0 = Debug|Any CPU
		{82EAE71D-B97E-4DF4-B4ED-66CB7525F928}.Release|Any CPU.ActiveCfg = Release|Any CPU
		{82EAE71D-B97E-4DF4-B4ED-66CB7525F928}.Release|Any CPU.Build.0 = Release|Any CPU
		{0E932B6E-11F7-48D7-937E-E475FF671AC5}.Debug|Any CPU.ActiveCfg = Debug|Any CPU
		{0E932B6E-11F7-48D7-937E-E475FF671AC5}.Debug|Any CPU.Build.0 = Debug|Any CPU
		{0E932B6E-11F7-48D7-937E-E475FF671AC5}.Release|Any CPU.ActiveCfg = Release|Any CPU
		{0E932B6E-11F7-48D7-937E-E475FF671AC5}.Release|Any CPU.Build.0 = Release|Any CPU
		{68D4E46B-ECD0-426A-BC0F-7C2F26D8B7A9}.Debug|Any CPU.ActiveCfg = Debug|Any CPU
		{68D4E46B-ECD0-426A-BC0F-7C2F26D8B7A9}.Debug|Any CPU.Build.0 = Debug|Any CPU
		{68D4E46B-ECD0-426A-BC0F-7C2F26D8B7A9}.Release|Any CPU.ActiveCfg = Release|Any CPU
		{68D4E46B-ECD0-426A-BC0F-7C2F26D8B7A9}.Release|Any CPU.Build.0 = Release|Any CPU
		{F1D5CEF5-6F8F-440A-9882-E3761A4086A5}.Debug|Any CPU.ActiveCfg = Debug|Any CPU
		{F1D5CEF5-6F8F-440A-9882-E3761A4086A5}.Debug|Any CPU.Build.0 = Debug|Any CPU
		{F1D5CEF5-6F8F-440A-9882-E3761A4086A5}.Release|Any CPU.ActiveCfg = Release|Any CPU
		{F1D5CEF5-6F8F-440A-9882-E3761A4086A5}.Release|Any CPU.Build.0 = Release|Any CPU
		{4E83426B-6072-402C-BD70-C3B4AFF3C7E2}.Debug|Any CPU.ActiveCfg = Debug|Any CPU
		{4E83426B-6072-402C-BD70-C3B4AFF3C7E2}.Debug|Any CPU.Build.0 = Debug|Any CPU
		{4E83426B-6072-402C-BD70-C3B4AFF3C7E2}.Release|Any CPU.ActiveCfg = Release|Any CPU
		{4E83426B-6072-402C-BD70-C3B4AFF3C7E2}.Release|Any CPU.Build.0 = Release|Any CPU
		{6D3CB0BB-5E9B-4523-85F5-80B103BA6E15}.Debug|Any CPU.ActiveCfg = Debug|Any CPU
		{6D3CB0BB-5E9B-4523-85F5-80B103BA6E15}.Debug|Any CPU.Build.0 = Debug|Any CPU
		{6D3CB0BB-5E9B-4523-85F5-80B103BA6E15}.Release|Any CPU.ActiveCfg = Release|Any CPU
		{6D3CB0BB-5E9B-4523-85F5-80B103BA6E15}.Release|Any CPU.Build.0 = Release|Any CPU
	EndGlobalSection
EndGlobal
